
Microsoft Visual Studio Solution File, Format Version 12.00
# Visual Studio Version 17
VisualStudioVersion = 17.8.34330.188
MinimumVisualStudioVersion = 10.0.40219.1
Project("{9A19103F-16F7-4668-BE54-9A1E7A4F7556}") = "MonTraApi", "MonTraApi.csproj", "{DBC45BD4-948E-4CEF-94C3-59EA1AD54BF4}"
EndProject
Project("{2150E333-8FDC-42A3-9474-1A3956D46DE8}") = "Solution Items", "Solution Items", "{72605778-4607-4195-B540-811E52A784B5}"
	ProjectSection(SolutionItems) = preProject
		.editorconfig = .editorconfig
	EndProjectSection
EndProject
Global
	GlobalSection(SolutionConfigurationPlatforms) = preSolution
		Debug|Any CPU = Debug|Any CPU
		Release|Any CPU = Release|Any CPU
	EndGlobalSection
	GlobalSection(ProjectConfigurationPlatforms) = postSolution
		{DBC45BD4-948E-4CEF-94C3-59EA1AD54BF4}.Debug|Any CPU.ActiveCfg = Debug|Any CPU
		{DBC45BD4-948E-4CEF-94C3-59EA1AD54BF4}.Debug|Any CPU.Build.0 = Debug|Any CPU
		{DBC45BD4-948E-4CEF-94C3-59EA1AD54BF4}.Release|Any CPU.ActiveCfg = Release|Any CPU
		{DBC45BD4-948E-4CEF-94C3-59EA1AD54BF4}.Release|Any CPU.Build.0 = Release|Any CPU
	EndGlobalSection
	GlobalSection(SolutionProperties) = preSolution
		HideSolutionNode = FALSE
	EndGlobalSection
	GlobalSection(ExtensibilityGlobals) = postSolution
		SolutionGuid = {B507DC1A-1ADC-4CD2-B581-EB5B99DA6780}
	EndGlobalSection
EndGlobal
